
Microsoft Visual Studio Solution File, Format Version 12.00
# Visual Studio Version 16
VisualStudioVersion = 16.0.30517.126
MinimumVisualStudioVersion = 10.0.40219.1
Project("{FAE04EC0-301F-11D3-BF4B-00C04F79EFBC}") = "RWM_ProjectTemplate", "RWM_ProjectTemplate\RWM_ProjectTemplate.csproj", "{C8268143-05F7-4294-8B50-2D90F199264A}"
EndProject
Project("{FAE04EC0-301F-11D3-BF4B-00C04F79EFBC}") = "RWM_ProjectWizard", "RWM_ProjectWizard\RWM_ProjectWizard.csproj", "{736E0EB7-FA51-4D73-8CFC-210C0765BCFB}"
EndProject
Global
	GlobalSection(SolutionConfigurationPlatforms) = preSolution
		Debug|Any CPU = Debug|Any CPU
		Release|Any CPU = Release|Any CPU
	EndGlobalSection
	GlobalSection(ProjectConfigurationPlatforms) = postSolution
		{C8268143-05F7-4294-8B50-2D90F199264A}.Debug|Any CPU.ActiveCfg = Debug|Any CPU
		{C8268143-05F7-4294-8B50-2D90F199264A}.Debug|Any CPU.Build.0 = Debug|Any CPU
		{C8268143-05F7-4294-8B50-2D90F199264A}.Release|Any CPU.ActiveCfg = Release|Any CPU
		{C8268143-05F7-4294-8B50-2D90F199264A}.Release|Any CPU.Build.0 = Release|Any CPU
		{736E0EB7-FA51-4D73-8CFC-210C0765BCFB}.Debug|Any CPU.ActiveCfg = Debug|Any CPU
		{736E0EB7-FA51-4D73-8CFC-210C0765BCFB}.Debug|Any CPU.Build.0 = Debug|Any CPU
		{736E0EB7-FA51-4D73-8CFC-210C0765BCFB}.Release|Any CPU.ActiveCfg = Release|Any CPU
		{736E0EB7-FA51-4D73-8CFC-210C0765BCFB}.Release|Any CPU.Build.0 = Release|Any CPU
	EndGlobalSection
	GlobalSection(SolutionProperties) = preSolution
		HideSolutionNode = FALSE
	EndGlobalSection
	GlobalSection(ExtensibilityGlobals) = postSolution
		SolutionGuid = {91C4B8F1-10D1-4D5E-AF7F-654649E6D74C}
	EndGlobalSection
EndGlobal
